
Microsoft Visual Studio Solution File, Format Version 12.00
# Visual Studio 14
VisualStudioVersion = 14.0.25420.1
MinimumVisualStudioVersion = 10.0.40219.1
Project("{FAE04EC0-301F-11D3-BF4B-00C04F79EFBC}") = "LPPA.WebSite", "LPPA.WebSite\LPPA.WebSite.csproj", "{5E2AC3D3-53F8-4DC3-B418-FAD976CF7F41}"
EndProject
Project("{FAE04EC0-301F-11D3-BF4B-00C04F79EFBC}") = "Entities", "Entities\Entities.csproj", "{10001CB1-D92A-4665-95EC-C708AF7FBB72}"
EndProject
Project("{FAE04EC0-301F-11D3-BF4B-00C04F79EFBC}") = "BusinessComponents", "BusinessComponents\BusinessComponents.csproj", "{F515DB78-4C6D-4331-A887-86E68EA63DE2}"
EndProject
Project("{2150E333-8FDC-42A3-9474-1A3956D46DE8}") = "Entity", "Entity", "{EE30DFAA-DA65-41CE-A256-0D859B7BAF13}"
EndProject
Project("{2150E333-8FDC-42A3-9474-1A3956D46DE8}") = "Business", "Business", "{C59521D5-6C0E-4B8C-8E89-9C9F057E0CE0}"
EndProject
Project("{2150E333-8FDC-42A3-9474-1A3956D46DE8}") = "Web", "Web", "{926423ED-6AED-444B-A410-0C7A57AFF3C8}"
EndProject
Project("{2150E333-8FDC-42A3-9474-1A3956D46DE8}") = "Data", "Data", "{E32EC99D-8E2E-480F-B52F-66BE2FD1798A}"
EndProject
Project("{FAE04EC0-301F-11D3-BF4B-00C04F79EFBC}") = "DataComponents", "DataComponents\DataComponents.csproj", "{DA3216E3-C9F9-4054-A732-411D3AFF5697}"
EndProject
Project("{2150E333-8FDC-42A3-9474-1A3956D46DE8}") = "Process", "Process", "{D3EF62A2-B382-43D1-876D-50691EAC6440}"
EndProject
Project("{FAE04EC0-301F-11D3-BF4B-00C04F79EFBC}") = "LPPA.Process", "Process\LPPA.Process.csproj", "{D8C03999-1E8C-4898-A9A2-8B0C8D67EDFB}"
EndProject
Project("{2150E333-8FDC-42A3-9474-1A3956D46DE8}") = "Framework", "Framework", "{B12C195A-0DB8-4B69-8B86-E957559B4945}"
EndProject
Project("{FAE04EC0-301F-11D3-BF4B-00C04F79EFBC}") = "Framework", "Framework\Framework.csproj", "{F90069DD-F12B-4AF1-9786-136EEBF8F183}"
EndProject
Global
	GlobalSection(SolutionConfigurationPlatforms) = preSolution
		Debug|Any CPU = Debug|Any CPU
		Release|Any CPU = Release|Any CPU
	EndGlobalSection
	GlobalSection(ProjectConfigurationPlatforms) = postSolution
		{5E2AC3D3-53F8-4DC3-B418-FAD976CF7F41}.Debug|Any CPU.ActiveCfg = Debug|Any CPU
		{5E2AC3D3-53F8-4DC3-B418-FAD976CF7F41}.Debug|Any CPU.Build.0 = Debug|Any CPU
		{5E2AC3D3-53F8-4DC3-B418-FAD976CF7F41}.Release|Any CPU.ActiveCfg = Release|Any CPU
		{5E2AC3D3-53F8-4DC3-B418-FAD976CF7F41}.Release|Any CPU.Build.0 = Release|Any CPU
		{10001CB1-D92A-4665-95EC-C708AF7FBB72}.Debug|Any CPU.ActiveCfg = Debug|Any CPU
		{10001CB1-D92A-4665-95EC-C708AF7FBB72}.Debug|Any CPU.Build.0 = Debug|Any CPU
		{10001CB1-D92A-4665-95EC-C708AF7FBB72}.Release|Any CPU.ActiveCfg = Release|Any CPU
		{10001CB1-D92A-4665-95EC-C708AF7FBB72}.Release|Any CPU.Build.0 = Release|Any CPU
		{F515DB78-4C6D-4331-A887-86E68EA63DE2}.Debug|Any CPU.ActiveCfg = Debug|Any CPU
		{F515DB78-4C6D-4331-A887-86E68EA63DE2}.Debug|Any CPU.Build.0 = Debug|Any CPU
		{F515DB78-4C6D-4331-A887-86E68EA63DE2}.Release|Any CPU.ActiveCfg = Release|Any CPU
		{F515DB78-4C6D-4331-A887-86E68EA63DE2}.Release|Any CPU.Build.0 = Release|Any CPU
		{DA3216E3-C9F9-4054-A732-411D3AFF5697}.Debug|Any CPU.ActiveCfg = Debug|Any CPU
		{DA3216E3-C9F9-4054-A732-411D3AFF5697}.Debug|Any CPU.Build.0 = Debug|Any CPU
		{DA3216E3-C9F9-4054-A732-411D3AFF5697}.Release|Any CPU.ActiveCfg = Release|Any CPU
		{DA3216E3-C9F9-4054-A732-411D3AFF5697}.Release|Any CPU.Build.0 = Release|Any CPU
		{D8C03999-1E8C-4898-A9A2-8B0C8D67EDFB}.Debug|Any CPU.ActiveCfg = Debug|Any CPU
		{D8C03999-1E8C-4898-A9A2-8B0C8D67EDFB}.Debug|Any CPU.Build.0 = Debug|Any CPU
		{D8C03999-1E8C-4898-A9A2-8B0C8D67EDFB}.Release|Any CPU.ActiveCfg = Release|Any CPU
		{D8C03999-1E8C-4898-A9A2-8B0C8D67EDFB}.Release|Any CPU.Build.0 = Release|Any CPU
		{F90069DD-F12B-4AF1-9786-136EEBF8F183}.Debug|Any CPU.ActiveCfg = Debug|Any CPU
		{F90069DD-F12B-4AF1-9786-136EEBF8F183}.Debug|Any CPU.Build.0 = Debug|Any CPU
		{F90069DD-F12B-4AF1-9786-136EEBF8F183}.Release|Any CPU.ActiveCfg = Release|Any CPU
		{F90069DD-F12B-4AF1-9786-136EEBF8F183}.Release|Any CPU.Build.0 = Release|Any CPU
	EndGlobalSection
	GlobalSection(SolutionProperties) = preSolution
		HideSolutionNode = FALSE
	EndGlobalSection
	GlobalSection(NestedProjects) = preSolution
		{5E2AC3D3-53F8-4DC3-B418-FAD976CF7F41} = {926423ED-6AED-444B-A410-0C7A57AFF3C8}
		{10001CB1-D92A-4665-95EC-C708AF7FBB72} = {EE30DFAA-DA65-41CE-A256-0D859B7BAF13}
		{F515DB78-4C6D-4331-A887-86E68EA63DE2} = {C59521D5-6C0E-4B8C-8E89-9C9F057E0CE0}
		{DA3216E3-C9F9-4054-A732-411D3AFF5697} = {E32EC99D-8E2E-480F-B52F-66BE2FD1798A}
		{D8C03999-1E8C-4898-A9A2-8B0C8D67EDFB} = {D3EF62A2-B382-43D1-876D-50691EAC6440}
		{F90069DD-F12B-4AF1-9786-136EEBF8F183} = {B12C195A-0DB8-4B69-8B86-E957559B4945}
	EndGlobalSection
EndGlobal
